
Microsoft Visual Studio Solution File, Format Version 12.00
# Visual Studio Version 17
VisualStudioVersion = 17.5.002.0
MinimumVisualStudioVersion = 10.0.40219.1
Project("{9A19103F-16F7-4668-BE54-9A1E7A4F7556}") = "BlazorAdmin", "BlazorAdmin.csproj", "{5FDAADC8-2193-4D25-A9CC-46F7B91A61AD}"
EndProject
Global
	GlobalSection(SolutionConfigurationPlatforms) = preSolution
		Debug|Any CPU = Debug|Any CPU
		Release|Any CPU = Release|Any CPU
	EndGlobalSection
	GlobalSection(ProjectConfigurationPlatforms) = postSolution
		{5FDAADC8-2193-4D25-A9CC-46F7B91A61AD}.Debug|Any CPU.ActiveCfg = Debug|Any CPU
		{5FDAADC8-2193-4D25-A9CC-46F7B91A61AD}.Debug|Any CPU.Build.0 = Debug|Any CPU
		{5FDAADC8-2193-4D25-A9CC-46F7B91A61AD}.Release|Any CPU.ActiveCfg = Release|Any CPU
		{5FDAADC8-2193-4D25-A9CC-46F7B91A61AD}.Release|Any CPU.Build.0 = Release|Any CPU
	EndGlobalSection
	GlobalSection(SolutionProperties) = preSolution
		HideSolutionNode = FALSE
	EndGlobalSection
	GlobalSection(ExtensibilityGlobals) = postSolution
		SolutionGuid = {00719E1B-91EB-4162-B78F-8198A4A80A3F}
	EndGlobalSection
EndGlobal
